
Microsoft Visual Studio Solution File, Format Version 12.00
# Visual Studio Version 17
VisualStudioVersion = 17.8.34525.116
MinimumVisualStudioVersion = 10.0.40219.1
Project("{FAE04EC0-301F-11D3-BF4B-00C04F79EFBC}") = "AI-SMS-Student-Help", "AI-SMS-Student-Help.csproj", "{0D08C9F4-06BE-416D-ADF0-4C0F120B0870}"
EndProject
Global
	GlobalSection(SolutionConfigurationPlatforms) = preSolution
		Debug|Any CPU = Debug|Any CPU
		Release|Any CPU = Release|Any CPU
	EndGlobalSection
	GlobalSection(ProjectConfigurationPlatforms) = postSolution
		{0D08C9F4-06BE-416D-ADF0-4C0F120B0870}.Debug|Any CPU.ActiveCfg = Debug|Any CPU
		{0D08C9F4-06BE-416D-ADF0-4C0F120B0870}.Debug|Any CPU.Build.0 = Debug|Any CPU
		{0D08C9F4-06BE-416D-ADF0-4C0F120B0870}.Release|Any CPU.ActiveCfg = Release|Any CPU
		{0D08C9F4-06BE-416D-ADF0-4C0F120B0870}.Release|Any CPU.Build.0 = Release|Any CPU
	EndGlobalSection
	GlobalSection(SolutionProperties) = preSolution
		HideSolutionNode = FALSE
	EndGlobalSection
	GlobalSection(ExtensibilityGlobals) = postSolution
		SolutionGuid = {4FC6142E-BC0D-4643-B3E9-2F62AEAA45CB}
	EndGlobalSection
EndGlobal
